PODS:
  - RealmAppGroupTestFramework (0.1.0)

DEPENDENCIES:
  - RealmAppGroupTestFramework (from `../RealmAppGroupTestFramework`)

EXTERNAL SOURCES:
  RealmAppGroupTestFramework:
    :path: ../RealmAppGroupTestFramework

SPEC CHECKSUMS:
  RealmAppGroupTestFramework: 153daf1a429a30625989303a596110236cde42df

PODFILE CHECKSUM: 7e333854ac49089bb144695540c7cf5838cbdf73

COCOAPODS: 1.2.1.beta.1
